PODS:
  - SDWebImage (3.8.2):
    - SDWebImage/Core (= 3.8.2)
  - SDWebImage/Core (3.8.2)
  - Tableable (0.2.0.0)

DEPENDENCIES:
  - SDWebImage
  - Tableable (from `../`)

EXTERNAL SOURCES:
  Tableable:
    :path: "../"

SPEC CHECKSUMS:
  SDWebImage: 098e97e6176540799c27e804c96653ee0833d13c
  Tableable: 7ac08bab8a34b16470d725af271416bb26bb8b00

PODFILE CHECKSUM: 68bcabd4f312bb83952c474ca08db48b7f967b98

COCOAPODS: 1.0.1
